
Microsoft Visual Studio Solution File, Format Version 12.00
# Visual Studio Version 17
VisualStudioVersion = 17.7.34221.43
MinimumVisualStudioVersion = 10.0.40219.1
Project("{FAE04EC0-301F-11D3-BF4B-00C04F79EFBC}") = "Post-Coments-Api", "Post-Coments-Api.csproj", "{F43B4573-376F-434E-B40E-782F5765842D}"
EndProject
Global
	GlobalSection(SolutionConfigurationPlatforms) = preSolution
		Debug|Any CPU = Debug|Any CPU
		Release|Any CPU = Release|Any CPU
	EndGlobalSection
	GlobalSection(ProjectConfigurationPlatforms) = postSolution
		{F43B4573-376F-434E-B40E-782F5765842D}.Debug|Any CPU.ActiveCfg = Debug|Any CPU
		{F43B4573-376F-434E-B40E-782F5765842D}.Debug|Any CPU.Build.0 = Debug|Any CPU
		{F43B4573-376F-434E-B40E-782F5765842D}.Release|Any CPU.ActiveCfg = Release|Any CPU
		{F43B4573-376F-434E-B40E-782F5765842D}.Release|Any CPU.Build.0 = Release|Any CPU
	EndGlobalSection
	GlobalSection(SolutionProperties) = preSolution
		HideSolutionNode = FALSE
	EndGlobalSection
	GlobalSection(ExtensibilityGlobals) = postSolution
		SolutionGuid = {999DA271-2B5A-49A6-B270-1E72FBC07493}
	EndGlobalSection
EndGlobal
